// !$*UTF8*$!
{
	archiveVersion = 1;
	classes = {
	};
	objectVersion = 45;
	objects = {

/* Begin PBXBuildFile section */
		05447F080FCF1167004CC539 /* main.m in Sources */ = {isa = PBXBuildFile; fileRef = 05447EC30FCF1167004CC539 /* main.m */; };
		05447F090FCF1167004CC539 /* AlbumBrowseView.xib in Resources */ = {isa = PBXBuildFile; fileRef = 05447EC70FCF1167004CC539 /* AlbumBrowseView.xib */; };
		05447F0A0FCF1167004CC539 /* AlbumBrowseViewController.m in Sources */ = {isa = PBXBuildFile; fileRef = 05447EC90FCF1167004CC539 /* AlbumBrowseViewController.m */; };
		05447F0B0FCF1167004CC539 /* ArtistBrowseView.xib in Resources */ = {isa = PBXBuildFile; fileRef = 05447ECA0FCF1167004CC539 /* ArtistBrowseView.xib */; };
		05447F0C0FCF1167004CC539 /* ArtistBrowseViewController.m in Sources */ = {isa = PBXBuildFile; fileRef = 05447ECC0FCF1167004CC539 /* ArtistBrowseViewController.m */; };
		05447F0D0FCF1167004CC539 /* ArtistDetailView.xib in Resources */ = {isa = PBXBuildFile; fileRef = 05447ECD0FCF1167004CC539 /* ArtistDetailView.xib */; };
		05447F0E0FCF1167004CC539 /* ArtistDetailViewController.m in Sources */ = {isa = PBXBuildFile; fileRef = 05447ECF0FCF1167004CC539 /* ArtistDetailViewController.m */; };
		05447F0F0FCF1167004CC539 /* SpotImageView.m in Sources */ = {isa = PBXBuildFile; fileRef = 05447ED10FCF1167004CC539 /* SpotImageView.m */; };
		05447F100FCF1167004CC539 /* CoSpotify.m in Sources */ = {isa = PBXBuildFile; fileRef = 05447ED40FCF1167004CC539 /* CoSpotify.m */; };
		05447F110FCF1167004CC539 /* SpotAlbum.m in Sources */ = {isa = PBXBuildFile; fileRef = 05447ED60FCF1167004CC539 /* SpotAlbum.m */; };
		05447F120FCF1167004CC539 /* SpotArtist.m in Sources */ = {isa = PBXBuildFile; fileRef = 05447ED80FCF1167004CC539 /* SpotArtist.m */; };
		05447F140FCF1167004CC539 /* SpotItem.m in Sources */ = {isa = PBXBuildFile; fileRef = 05447EDC0FCF1167004CC539 /* SpotItem.m */; };
		05447F150FCF1167004CC539 /* SpotPlayer.m in Sources */ = {isa = PBXBuildFile; fileRef = 05447EDE0FCF1167004CC539 /* SpotPlayer.m */; };
		05447F160FCF1167004CC539 /* SpotPlaylist.m in Sources */ = {isa = PBXBuildFile; fileRef = 05447EE00FCF1167004CC539 /* SpotPlaylist.m */; };
		05447F170FCF1167004CC539 /* SpotSearch.m in Sources */ = {isa = PBXBuildFile; fileRef = 05447EE20FCF1167004CC539 /* SpotSearch.m */; };
		05447F180FCF1167004CC539 /* SpotSession.m in Sources */ = {isa = PBXBuildFile; fileRef = 05447EE40FCF1167004CC539 /* SpotSession.m */; };
		05447F190FCF1167004CC539 /* SpotTrack.m in Sources */ = {isa = PBXBuildFile; fileRef = 05447EE60FCF1167004CC539 /* SpotTrack.m */; };
		05447F1A0FCF1167004CC539 /* SpotURI.m in Sources */ = {isa = PBXBuildFile; fileRef = 05447EE80FCF1167004CC539 /* SpotURI.m */; };
		05447F1B0FCF1167004CC539 /* LoggingIn.xib in Resources */ = {isa = PBXBuildFile; fileRef = 05447EEA0FCF1167004CC539 /* LoggingIn.xib */; };
		05447F1C0FCF1167004CC539 /* LoggingInController.m in Sources */ = {isa = PBXBuildFile; fileRef = 05447EEC0FCF1167004CC539 /* LoggingInController.m */; };
		05447F1D0FCF1167004CC539 /* LoginView.xib in Resources */ = {isa = PBXBuildFile; fileRef = 05447EED0FCF1167004CC539 /* LoginView.xib */; };
		05447F1E0FCF1167004CC539 /* LoginViewController.m in Sources */ = {isa = PBXBuildFile; fileRef = 05447EEF0FCF1167004CC539 /* LoginViewController.m */; };
		05447F1F0FCF1167004CC539 /* FlipView.m in Sources */ = {isa = PBXBuildFile; fileRef = 05447EF20FCF1167004CC539 /* FlipView.m */; };
		05447F200FCF1167004CC539 /* PlayView.xib in Resources */ = {isa = PBXBuildFile; fileRef = 05447EF30FCF1167004CC539 /* PlayView.xib */; };
		05447F210FCF1167004CC539 /* PlayViewController.m in Sources */ = {isa = PBXBuildFile; fileRef = 05447EF50FCF1167004CC539 /* PlayViewController.m */; };
		05447F220FCF1167004CC539 /* PlaylistsView.xib in Resources */ = {isa = PBXBuildFile; fileRef = 05447EF70FCF1167004CC539 /* PlaylistsView.xib */; };
		05447F230FCF1167004CC539 /* PlaylistsViewController.m in Sources */ = {isa = PBXBuildFile; fileRef = 05447EF90FCF1167004CC539 /* PlaylistsViewController.m */; };
		05447F240FCF1167004CC539 /* Profile.xib in Resources */ = {isa = PBXBuildFile; fileRef = 05447EFB0FCF1167004CC539 /* Profile.xib */; };
		05447F250FCF1167004CC539 /* ProfileViewController.m in Sources */ = {isa = PBXBuildFile; fileRef = 05447EFD0FCF1167004CC539 /* ProfileViewController.m */; };
		05447F260FCF1167004CC539 /* SearchView.xib in Resources */ = {isa = PBXBuildFile; fileRef = 05447EFF0FCF1167004CC539 /* SearchView.xib */; };
		05447F270FCF1167004CC539 /* SearchViewController.m in Sources */ = {isa = PBXBuildFile; fileRef = 05447F010FCF1167004CC539 /* SearchViewController.m */; };
		05447F280FCF1167004CC539 /* SpotAppDelegate.m in Sources */ = {isa = PBXBuildFile; fileRef = 05447F030FCF1167004CC539 /* SpotAppDelegate.m */; };
		05447F2A0FCF1167004CC539 /* SpotPlaylistTableViewDataSource.m in Sources */ = {isa = PBXBuildFile; fileRef = 05447F070FCF1167004CC539 /* SpotPlaylistTableViewDataSource.m */; };
		05447F390FCF1173004CC539 /* next.png in Resources */ = {isa = PBXBuildFile; fileRef = 05447F2D0FCF1173004CC539 /* next.png */; };
		05447F3A0FCF1173004CC539 /* pause.png in Resources */ = {isa = PBXBuildFile; fileRef = 05447F2E0FCF1173004CC539 /* pause.png */; };
		05447F3B0FCF1173004CC539 /* play.png in Resources */ = {isa = PBXBuildFile; fileRef = 05447F2F0FCF1173004CC539 /* play.png */; };
		05447F3C0FCF1173004CC539 /* prev.png in Resources */ = {isa = PBXBuildFile; fileRef = 05447F300FCF1173004CC539 /* prev.png */; };
		05447F3D0FCF1173004CC539 /* dist.plist in Resources */ = {isa = PBXBuildFile; fileRef = 05447F310FCF1173004CC539 /* dist.plist */; };
		05447F3E0FCF1173004CC539 /* icon.png in Resources */ = {isa = PBXBuildFile; fileRef = 05447F320FCF1173004CC539 /* icon.png */; };
		05447F3F0FCF1173004CC539 /* MainWindow.xib in Resources */ = {isa = PBXBuildFile; fileRef = 05447F330FCF1173004CC539 /* MainWindow.xib */; };
		05447F400FCF1173004CC539 /* playergloss.png in Resources */ = {isa = PBXBuildFile; fileRef = 05447F340FCF1173004CC539 /* playergloss.png */; };
		05447F420FCF1173004CC539 /* playlists.png in Resources */ = {isa = PBXBuildFile; fileRef = 05447F370FCF1173004CC539 /* playlists.png */; };
		05447F430FCF1173004CC539 /* profile.png in Resources */ = {isa = PBXBuildFile; fileRef = 05447F380FCF1173004CC539 /* profile.png */; };
		05447F4D0FCF119A004CC539 /* libvorbisfile.a in Frameworks */ = {isa = PBXBuildFile; fileRef = 05447F480FCF119A004CC539 /* libvorbisfile.a */; };
		05447F4E0FCF119A004CC539 /* libvorbis.a in Frameworks */ = {isa = PBXBuildFile; fileRef = 05447F490FCF119A004CC539 /* libvorbis.a */; };
		05447F510FCF119A004CC539 /* libogg.a in Frameworks */ = {isa = PBXBuildFile; fileRef = 05447F4C0FCF119A004CC539 /* libogg.a */; };
		0591785B100B53FF001402D1 /* profilebg.png in Resources */ = {isa = PBXBuildFile; fileRef = 0591785A100B53FF001402D1 /* profilebg.png */; };
		05A664830FCF1B1B00C8DC40 /* aes.c in Sources */ = {isa = PBXBuildFile; fileRef = 05A6643D0FCF1B1B00C8DC40 /* aes.c */; };
		05A664840FCF1B1B00C8DC40 /* audio.c in Sources */ = {isa = PBXBuildFile; fileRef = 05A6643F0FCF1B1B00C8DC40 /* audio.c */; };
		05A664860FCF1B1B00C8DC40 /* auth.c in Sources */ = {isa = PBXBuildFile; fileRef = 05A664430FCF1B1B00C8DC40 /* auth.c */; };
		05A664870FCF1B1B00C8DC40 /* buf.c in Sources */ = {isa = PBXBuildFile; fileRef = 05A664450FCF1B1B00C8DC40 /* buf.c */; };
		05A664880FCF1B1B00C8DC40 /* channel.c in Sources */ = {isa = PBXBuildFile; fileRef = 05A664470FCF1B1B00C8DC40 /* channel.c */; };
		05A664890FCF1B1B00C8DC40 /* commands.c in Sources */ = {isa = PBXBuildFile; fileRef = 05A664490FCF1B1B00C8DC40 /* commands.c */; };
		05A6648B0FCF1B1B00C8DC40 /* despotify.c in Sources */ = {isa = PBXBuildFile; fileRef = 05A6644E0FCF1B1B00C8DC40 /* despotify.c */; };
		05A6648D0FCF1B1B00C8DC40 /* dns.c in Sources */ = {isa = PBXBuildFile; fileRef = 05A664510FCF1B1B00C8DC40 /* dns.c */; };
		05A6648E0FCF1B1B00C8DC40 /* ezxml.c in Sources */ = {isa = PBXBuildFile; fileRef = 05A664530FCF1B1B00C8DC40 /* ezxml.c */; };
		05A664950FCF1B1B00C8DC40 /* handlers.c in Sources */ = {isa = PBXBuildFile; fileRef = 05A6645F0FCF1B1B00C8DC40 /* handlers.c */; };
		05A664960FCF1B1B00C8DC40 /* hmac.c in Sources */ = {isa = PBXBuildFile; fileRef = 05A664610FCF1B1B00C8DC40 /* hmac.c */; };
		05A664970FCF1B1B00C8DC40 /* keyexchange.c in Sources */ = {isa = PBXBuildFile; fileRef = 05A664630FCF1B1B00C8DC40 /* keyexchange.c */; };
		05A6649A0FCF1B1B00C8DC40 /* local.mk in Resources */ = {isa = PBXBuildFile; fileRef = 05A664680FCF1B1B00C8DC40 /* local.mk */; };
		05A6649C0FCF1B1B00C8DC40 /* packet.c in Sources */ = {isa = PBXBuildFile; fileRef = 05A6646B0FCF1B1B00C8DC40 /* packet.c */; };
		05A6649E0FCF1B1B00C8DC40 /* puzzle.c in Sources */ = {isa = PBXBuildFile; fileRef = 05A6646F0FCF1B1B00C8DC40 /* puzzle.c */; };
		05A6649F0FCF1B1B00C8DC40 /* session.c in Sources */ = {isa = PBXBuildFile; fileRef = 05A664710FCF1B1B00C8DC40 /* session.c */; };
		05A664A00FCF1B1B00C8DC40 /* sha1.c in Sources */ = {isa = PBXBuildFile; fileRef = 05A664730FCF1B1B00C8DC40 /* sha1.c */; };
		05A664A10FCF1B1B00C8DC40 /* shn.c in Sources */ = {isa = PBXBuildFile; fileRef = 05A664750FCF1B1B00C8DC40 /* shn.c */; };
		05A664A20FCF1B1B00C8DC40 /* sndqueue.c in Sources */ = {isa = PBXBuildFile; fileRef = 05A664770FCF1B1B00C8DC40 /* sndqueue.c */; };
		05A664A30FCF1B1B00C8DC40 /* util.c in Sources */ = {isa = PBXBuildFile; fileRef = 05A664790FCF1B1B00C8DC40 /* util.c */; };
		05A664A40FCF1B1B00C8DC40 /* xml.c in Sources */ = {isa = PBXBuildFile; fileRef = 05A6647B0FCF1B1B00C8DC40 /* xml.c */; };
		05A664FC0FCF215300C8DC40 /* AudioToolbox.framework in Frameworks */ = {isa = PBXBuildFile; fileRef = 05A664FB0FCF215300C8DC40 /* AudioToolbox.framework */; };
		05A664FF0FCF217D00C8DC40 /* libz.1.dylib in Frameworks */ = {isa = PBXBuildFile; fileRef = 05A664FE0FCF217D00C8DC40 /* libz.1.dylib */; };
		05A665080FCF21D500C8DC40 /* libresolv.dylib in Frameworks */ = {isa = PBXBuildFile; fileRef = 05A665070FCF21D500C8DC40 /* libresolv.dylib */; };
		1D60589F0D05DD5A006BFB54 /* Foundation.framework in Frameworks */ = {isa = PBXBuildFile; fileRef = 1D30AB110D05D00D00671497 /* Foundation.framework */; };
		1DF5F4E00D08C38300B7A737 /* UIKit.framework in Frameworks */ = {isa = PBXBuildFile; fileRef = 1DF5F4DF0D08C38300B7A737 /* UIKit.framework */; };
		210998B60FD5C0750028F90F /* PlayView2.xib in Resources */ = {isa = PBXBuildFile; fileRef = 210998B50FD5C0750028F90F /* PlayView2.xib */; };
		2141682A0FDC3F0500E71233 /* network.c in Sources */ = {isa = PBXBuildFile; fileRef = 05A664690FCF1B1B00C8DC40 /* network.c */; };
		217F97EF0FD9123A00C0A6A4 /* noart.png in Resources */ = {isa = PBXBuildFile; fileRef = 217F97EE0FD9123A00C0A6A4 /* noart.png */; };
		217F97FB0FD913A700C0A6A4 /* loading.png in Resources */ = {isa = PBXBuildFile; fileRef = 217F97FA0FD913A700C0A6A4 /* loading.png */; };
		21F654200FD12BC6000403F8 /* SpotArtistCell.m in Sources */ = {isa = PBXBuildFile; fileRef = 21F654170FD12BC6000403F8 /* SpotArtistCell.m */; };
		21F654210FD12BC6000403F8 /* SpotCell.m in Sources */ = {isa = PBXBuildFile; fileRef = 21F654190FD12BC6000403F8 /* SpotCell.m */; };
		21F654220FD12BC6000403F8 /* SpotImageCell.m in Sources */ = {isa = PBXBuildFile; fileRef = 21F6541B0FD12BC6000403F8 /* SpotImageCell.m */; };
		21F654230FD12BC6000403F8 /* SpotNavigationController.m in Sources */ = {isa = PBXBuildFile; fileRef = 21F6541D0FD12BC6000403F8 /* SpotNavigationController.m */; };
		21F654240FD12BC6000403F8 /* SpotTouchableLabel.m in Sources */ = {isa = PBXBuildFile; fileRef = 21F6541F0FD12BC6000403F8 /* SpotTouchableLabel.m */; };
		21F6543F0FD136FB000403F8 /* SpotCache.m in Sources */ = {isa = PBXBuildFile; fileRef = 21F6543E0FD136FB000403F8 /* SpotCache.m */; };
		21F654A90FD13FAE000403F8 /* SpotImage.m in Sources */ = {isa = PBXBuildFile; fileRef = 21F654A80FD13FAE000403F8 /* SpotImage.m */; };
		21F65A8A0FD1A168000403F8 /* audioqueue.c in Sources */ = {isa = PBXBuildFile; fileRef = 05A664410FCF1B1B00C8DC40 /* audioqueue.c */; };
		21F65AC80FD1A327000403F8 /* Default.png in Resources */ = {isa = PBXBuildFile; fileRef = 21F65AC70FD1A327000403F8 /* Default.png */; };
		21F65B330FD1B059000403F8 /* libcrypto.a in Frameworks */ = {isa = PBXBuildFile; fileRef = 21F65B320FD1B059000403F8 /* libcrypto.a */; };
		21F65B570FD1B564000403F8 /* PlayTitleView.m in Sources */ = {isa = PBXBuildFile; fileRef = 21F65B560FD1B564000403F8 /* PlayTitleView.m */; };
		21F65C9D0FD1CAB8000403F8 /* arrow-left.png in Resources */ = {isa = PBXBuildFile; fileRef = 21F65C9C0FD1CAB8000403F8 /* arrow-left.png */; };
		288765FD0DF74451002DB57D /* CoreGraphics.framework in Frameworks */ = {isa = PBXBuildFile; fileRef = 288765FC0DF74451002DB57D /* CoreGraphics.framework */; };
/* End PBXBuildFile section */

/* Begin PBXFileReference section */
		05447EC30FCF1167004CC539 /* main.m */ = {isa = PBXFileReference; fileEncoding = 4; lastKnownFileType = sourcecode.c.objc; path = main.m; sourceTree = "<group>"; };
		05447EC40FCF1167004CC539 /* Spot_Prefix.pch */ = {isa = PBXFileReference; fileEncoding = 4; lastKnownFileType = sourcecode.c.h; path = Spot_Prefix.pch; sourceTree = "<group>"; };
		05447EC70FCF1167004CC539 /* AlbumBrowseView.xib */ = {isa = PBXFileReference; lastKnownFileType = file.xib; path = AlbumBrowseView.xib; sourceTree = "<group>"; };
		05447EC80FCF1167004CC539 /* AlbumBrowseViewController.h */ = {isa = PBXFileReference; fileEncoding = 4; lastKnownFileType = sourcecode.c.h; path = AlbumBrowseViewController.h; sourceTree = "<group>"; };
		05447EC90FCF1167004CC539 /* AlbumBrowseViewController.m */ = {isa = PBXFileReference; fileEncoding = 4; lastKnownFileType = sourcecode.c.objc; path = AlbumBrowseViewController.m; sourceTree = "<group>"; };
		05447ECA0FCF1167004CC539 /* ArtistBrowseView.xib */ = {isa = PBXFileReference; lastKnownFileType = file.xib; path = ArtistBrowseView.xib; sourceTree = "<group>"; };
		05447ECB0FCF1167004CC539 /* ArtistBrowseViewController.h */ = {isa = PBXFileReference; fileEncoding = 4; lastKnownFileType = sourcecode.c.h; path = ArtistBrowseViewController.h; sourceTree = "<group>"; };
		05447ECC0FCF1167004CC539 /* ArtistBrowseViewController.m */ = {isa = PBXFileReference; fileEncoding = 4; lastKnownFileType = sourcecode.c.objc; path = ArtistBrowseViewController.m; sourceTree = "<group>"; };
		05447ECD0FCF1167004CC539 /* ArtistDetailView.xib */ = {isa = PBXFileReference; lastKnownFileType = file.xib; path = ArtistDetailView.xib; sourceTree = "<group>"; };
		05447ECE0FCF1167004CC539 /* ArtistDetailViewController.h */ = {isa = PBXFileReference; fileEncoding = 4; lastKnownFileType = sourcecode.c.h; path = ArtistDetailViewController.h; sourceTree = "<group>"; };
		05447ECF0FCF1167004CC539 /* ArtistDetailViewController.m */ = {isa = PBXFileReference; fileEncoding = 4; lastKnownFileType = sourcecode.c.objc; path = ArtistDetailViewController.m; sourceTree = "<group>"; };
		05447ED00FCF1167004CC539 /* SpotImageView.h */ = {isa = PBXFileReference; fileEncoding = 4; lastKnownFileType = sourcecode.c.h; path = SpotImageView.h; sourceTree = "<group>"; };
		05447ED10FCF1167004CC539 /* SpotImageView.m */ = {isa = PBXFileReference; fileEncoding = 4; lastKnownFileType = sourcecode.c.objc; path = SpotImageView.m; sourceTree = "<group>"; };
		05447ED30FCF1167004CC539 /* CoSpotify.h */ = {isa = PBXFileReference; fileEncoding = 4; lastKnownFileType = sourcecode.c.h; path = CoSpotify.h; sourceTree = "<group>"; };
		05447ED40FCF1167004CC539 /* CoSpotify.m */ = {isa = PBXFileReference; fileEncoding = 4; lastKnownFileType = sourcecode.c.objc; path = CoSpotify.m; sourceTree = "<group>"; };
		05447ED50FCF1167004CC539 /* SpotAlbum.h */ = {isa = PBXFileReference; fileEncoding = 4; lastKnownFileType = sourcecode.c.h; path = SpotAlbum.h; sourceTree = "<group>"; };
		05447ED60FCF1167004CC539 /* SpotAlbum.m */ = {isa = PBXFileReference; fileEncoding = 4; lastKnownFileType = sourcecode.c.objc; path = SpotAlbum.m; sourceTree = "<group>"; };
		05447ED70FCF1167004CC539 /* SpotArtist.h */ = {isa = PBXFileReference; fileEncoding = 4; lastKnownFileType = sourcecode.c.h; path = SpotArtist.h; sourceTree = "<group>"; };
		05447ED80FCF1167004CC539 /* SpotArtist.m */ = {isa = PBXFileReference; fileEncoding = 4; lastKnownFileType = sourcecode.c.objc; path = SpotArtist.m; sourceTree = "<group>"; };
		05447EDB0FCF1167004CC539 /* SpotItem.h */ = {isa = PBXFileReference; fileEncoding = 4; lastKnownFileType = sourcecode.c.h; path = SpotItem.h; sourceTree = "<group>"; };
		05447EDC0FCF1167004CC539 /* SpotItem.m */ = {isa = PBXFileReference; fileEncoding = 4; lastKnownFileType = sourcecode.c.objc; path = SpotItem.m; sourceTree = "<group>"; };
		05447EDD0FCF1167004CC539 /* SpotPlayer.h */ = {isa = PBXFileReference; fileEncoding = 4; lastKnownFileType = sourcecode.c.h; path = SpotPlayer.h; sourceTree = "<group>"; };
		05447EDE0FCF1167004CC539 /* SpotPlayer.m */ = {isa = PBXFileReference; fileEncoding = 4; lastKnownFileType = sourcecode.c.objc; path = SpotPlayer.m; sourceTree = "<group>"; };
		05447EDF0FCF1167004CC539 /* SpotPlaylist.h */ = {isa = PBXFileReference; fileEncoding = 4; lastKnownFileType = sourcecode.c.h; path = SpotPlaylist.h; sourceTree = "<group>"; };
		05447EE00FCF1167004CC539 /* SpotPlaylist.m */ = {isa = PBXFileReference; fileEncoding = 4; lastKnownFileType = sourcecode.c.objc; path = SpotPlaylist.m; sourceTree = "<group>"; };
		05447EE10FCF1167004CC539 /* SpotSearch.h */ = {isa = PBXFileReference; fileEncoding = 4; lastKnownFileType = sourcecode.c.h; path = SpotSearch.h; sourceTree = "<group>"; };
		05447EE20FCF1167004CC539 /* SpotSearch.m */ = {isa = PBXFileReference; fileEncoding = 4; lastKnownFileType = sourcecode.c.objc; path = SpotSearch.m; sourceTree = "<group>"; };
		05447EE30FCF1167004CC539 /* SpotSession.h */ = {isa = PBXFileReference; fileEncoding = 4; lastKnownFileType = sourcecode.c.h; path = SpotSession.h; sourceTree = "<group>"; };
		05447EE40FCF1167004CC539 /* SpotSession.m */ = {isa = PBXFileReference; fileEncoding = 4; lastKnownFileType = sourcecode.c.objc; path = SpotSession.m; sourceTree = "<group>"; };
		05447EE50FCF1167004CC539 /* SpotTrack.h */ = {isa = PBXFileReference; fileEncoding = 4; lastKnownFileType = sourcecode.c.h; path = SpotTrack.h; sourceTree = "<group>"; };
		05447EE60FCF1167004CC539 /* SpotTrack.m */ = {isa = PBXFileReference; fileEncoding = 4; lastKnownFileType = sourcecode.c.objc; path = SpotTrack.m; sourceTree = "<group>"; };
		05447EE70FCF1167004CC539 /* SpotURI.h */ = {isa = PBXFileReference; fileEncoding = 4; lastKnownFileType = sourcecode.c.h; path = SpotURI.h; sourceTree = "<group>"; };
		05447EE80FCF1167004CC539 /* SpotURI.m */ = {isa = PBXFileReference; fileEncoding = 4; lastKnownFileType = sourcecode.c.objc; path = SpotURI.m; sourceTree = "<group>"; };
		05447EEA0FCF1167004CC539 /* LoggingIn.xib */ = {isa = PBXFileReference; lastKnownFileType = file.xib; path = LoggingIn.xib; sourceTree = "<group>"; };
		05447EEB0FCF1167004CC539 /* LoggingInController.h */ = {isa = PBXFileReference; fileEncoding = 4; lastKnownFileType = sourcecode.c.h; path = LoggingInController.h; sourceTree = "<group>"; };
		05447EEC0FCF1167004CC539 /* LoggingInController.m */ = {isa = PBXFileReference; fileEncoding = 4; lastKnownFileType = sourcecode.c.objc; path = LoggingInController.m; sourceTree = "<group>"; };
		05447EED0FCF1167004CC539 /* LoginView.xib */ = {isa = PBXFileReference; lastKnownFileType = file.xib; path = LoginView.xib; sourceTree = "<group>"; };
		05447EEE0FCF1167004CC539 /* LoginViewController.h */ = {isa = PBXFileReference; fileEncoding = 4; lastKnownFileType = sourcecode.c.h; path = LoginViewController.h; sourceTree = "<group>"; };
		05447EEF0FCF1167004CC539 /* LoginViewController.m */ = {isa = PBXFileReference; fileEncoding = 4; lastKnownFileType = sourcecode.c.objc; path = LoginViewController.m; sourceTree = "<group>"; };
		05447EF10FCF1167004CC539 /* FlipView.h */ = {isa = PBXFileReference; fileEncoding = 4; lastKnownFileType = sourcecode.c.h; name = FlipView.h; path = ../Play/FlipView.h; sourceTree = "<group>"; };
		05447EF20FCF1167004CC539 /* FlipView.m */ = {isa = PBXFileReference; fileEncoding = 4; lastKnownFileType = sourcecode.c.objc; name = FlipView.m; path = ../Play/FlipView.m; sourceTree = "<group>"; };
		05447EF30FCF1167004CC539 /* PlayView.xib */ = {isa = PBXFileReference; lastKnownFileType = file.xib; path = PlayView.xib; sourceTree = "<group>"; };
		05447EF40FCF1167004CC539 /* PlayViewController.h */ = {isa = PBXFileReference; fileEncoding = 4; lastKnownFileType = sourcecode.c.h; path = PlayViewController.h; sourceTree = "<group>"; };
		05447EF50FCF1167004CC539 /* PlayViewController.m */ = {isa = PBXFileReference; fileEncoding = 4; lastKnownFileType = sourcecode.c.objc; path = PlayViewController.m; sourceTree = "<group>"; };
		05447EF70FCF1167004CC539 /* PlaylistsView.xib */ = {isa = PBXFileReference; lastKnownFileType = file.xib; path = PlaylistsView.xib; sourceTree = "<group>"; };
		05447EF80FCF1167004CC539 /* PlaylistsViewController.h */ = {isa = PBXFileReference; fileEncoding = 4; lastKnownFileType = sourcecode.c.h; path = PlaylistsViewController.h; sourceTree = "<group>"; };
		05447EF90FCF1167004CC539 /* PlaylistsViewController.m */ = {isa = PBXFileReference; fileEncoding = 4; lastKnownFileType = sourcecode.c.objc; path = PlaylistsViewController.m; sourceTree = "<group>"; };
		05447EFB0FCF1167004CC539 /* Profile.xib */ = {isa = PBXFileReference; lastKnownFileType = file.xib; path = Profile.xib; sourceTree = "<group>"; };
		05447EFC0FCF1167004CC539 /* ProfileViewController.h */ = {isa = PBXFileReference; fileEncoding = 4; lastKnownFileType = sourcecode.c.h; path = ProfileViewController.h; sourceTree = "<group>"; };
		05447EFD0FCF1167004CC539 /* ProfileViewController.m */ = {isa = PBXFileReference; fileEncoding = 4; lastKnownFileType = sourcecode.c.objc; path = ProfileViewController.m; sourceTree = "<group>"; };
		05447EFF0FCF1167004CC539 /* SearchView.xib */ = {isa = PBXFileReference; lastKnownFileType = file.xib; path = SearchView.xib; sourceTree = "<group>"; };
		05447F000FCF1167004CC539 /* SearchViewController.h */ = {isa = PBXFileReference; fileEncoding = 4; lastKnownFileType = sourcecode.c.h; path = SearchViewController.h; sourceTree = "<group>"; };
		05447F010FCF1167004CC539 /* SearchViewController.m */ = {isa = PBXFileReference; fileEncoding = 4; lastKnownFileType = sourcecode.c.objc; path = SearchViewController.m; sourceTree = "<group>"; };
		05447F020FCF1167004CC539 /* SpotAppDelegate.h */ = {isa = PBXFileReference; fileEncoding = 4; lastKnownFileType = sourcecode.c.h; path = SpotAppDelegate.h; sourceTree = "<group>"; };
		05447F030FCF1167004CC539 /* SpotAppDelegate.m */ = {isa = PBXFileReference; fileEncoding = 4; lastKnownFileType = sourcecode.c.objc; path = SpotAppDelegate.m; sourceTree = "<group>"; };
		05447F060FCF1167004CC539 /* SpotPlaylistTableViewDataSource.h */ = {isa = PBXFileReference; fileEncoding = 4; lastKnownFileType = sourcecode.c.h; path = SpotPlaylistTableViewDataSource.h; sourceTree = "<group>"; };
		05447F070FCF1167004CC539 /* SpotPlaylistTableViewDataSource.m */ = {isa = PBXFileReference; fileEncoding = 4; lastKnownFileType = sourcecode.c.objc; path = SpotPlaylistTableViewDataSource.m; sourceTree = "<group>"; };
		05447F2D0FCF1173004CC539 /* next.png */ = {isa = PBXFileReference; lastKnownFileType = image.png; path = next.png; sourceTree = "<group>"; };
		05447F2E0FCF1173004CC539 /* pause.png */ = {isa = PBXFileReference; lastKnownFileType = image.png; path = pause.png; sourceTree = "<group>"; };
		05447F2F0FCF1173004CC539 /* play.png */ = {isa = PBXFileReference; lastKnownFileType = image.png; path = play.png; sourceTree = "<group>"; };
		05447F300FCF1173004CC539 /* prev.png */ = {isa = PBXFileReference; lastKnownFileType = image.png; path = prev.png; sourceTree = "<group>"; };
		05447F310FCF1173004CC539 /* dist.plist */ = {isa = PBXFileReference; fileEncoding = 4; lastKnownFileType = text.plist.xml; path = dist.plist; sourceTree = "<group>"; };
		05447F320FCF1173004CC539 /* icon.png */ = {isa = PBXFileReference; lastKnownFileType = image.png; path = icon.png; sourceTree = "<group>"; };
		05447F330FCF1173004CC539 /* MainWindow.xib */ = {isa = PBXFileReference; lastKnownFileType = file.xib; path = MainWindow.xib; sourceTree = "<group>"; };
		05447F340FCF1173004CC539 /* playergloss.png */ = {isa = PBXFileReference; lastKnownFileType = image.png; path = playergloss.png; sourceTree = "<group>"; };
		05447F350FCF1173004CC539 /* Spot-Info.plist */ = {isa = PBXFileReference; fileEncoding = 4; lastKnownFileType = text.plist.xml; path = "Spot-Info.plist"; plistStructureDefinitionIdentifier = "<none>"; sourceTree = "<group>"; };
		05447F370FCF1173004CC539 /* playlists.png */ = {isa = PBXFileReference; lastKnownFileType = image.png; path = playlists.png; sourceTree = "<group>"; };
		05447F380FCF1173004CC539 /* profile.png */ = {isa = PBXFileReference; lastKnownFileType = image.png; path = profile.png; sourceTree = "<group>"; };
		05447F480FCF119A004CC539 /* libvorbisfile.a */ = {isa = PBXFileReference; lastKnownFileType = archive.ar; name = libvorbisfile.a; path = Vendor/libvorbisfile.a; sourceTree = "<group>"; };
		05447F490FCF119A004CC539 /* libvorbis.a */ = {isa = PBXFileReference; lastKnownFileType = archive.ar; name = libvorbis.a; path = Vendor/libvorbis.a; sourceTree = "<group>"; };
		05447F4C0FCF119A004CC539 /* libogg.a */ = {isa = PBXFileReference; lastKnownFileType = archive.ar; name = libogg.a; path = Vendor/libogg.a; sourceTree = "<group>"; };
		0591785A100B53FF001402D1 /* profilebg.png */ = {isa = PBXFileReference; lastKnownFileType = image.png; path = profilebg.png; sourceTree = "<group>"; };
		05A6643D0FCF1B1B00C8DC40 /* aes.c */ = {isa = PBXFileReference; fileEncoding = 4; lastKnownFileType = sourcecode.c.c; path = aes.c; sourceTree = "<group>"; };
		05A6643E0FCF1B1B00C8DC40 /* aes.h */ = {isa = PBXFileReference; fileEncoding = 4; lastKnownFileType = sourcecode.c.h; path = aes.h; sourceTree = "<group>"; };
		05A6643F0FCF1B1B00C8DC40 /* audio.c */ = {isa = PBXFileReference; fileEncoding = 4; lastKnownFileType = sourcecode.c.c; path = audio.c; sourceTree = "<group>"; };
		05A664400FCF1B1B00C8DC40 /* audio.h */ = {isa = PBXFileReference; fileEncoding = 4; lastKnownFileType = sourcecode.c.h; path = audio.h; sourceTree = "<group>"; };
		05A664410FCF1B1B00C8DC40 /* audioqueue.c */ = {isa = PBXFileReference; fileEncoding = 4; lastKnownFileType = sourcecode.c.c; path = audioqueue.c; sourceTree = "<group>"; };
		05A664420FCF1B1B00C8DC40 /* audioqueue.h */ = {isa = PBXFileReference; fileEncoding = 4; lastKnownFileType = sourcecode.c.h; path = audioqueue.h; sourceTree = "<group>"; };
		05A664430FCF1B1B00C8DC40 /* auth.c */ = {isa = PBXFileReference; fileEncoding = 4; lastKnownFileType = sourcecode.c.c; path = auth.c; sourceTree = "<group>"; };
		05A664440FCF1B1B00C8DC40 /* auth.h */ = {isa = PBXFileReference; fileEncoding = 4; lastKnownFileType = sourcecode.c.h; path = auth.h; sourceTree = "<group>"; };
		05A664450FCF1B1B00C8DC40 /* buf.c */ = {isa = PBXFileReference; fileEncoding = 4; lastKnownFileType = sourcecode.c.c; path = buf.c; sourceTree = "<group>"; };
		05A664460FCF1B1B00C8DC40 /* buf.h */ = {isa = PBXFileReference; fileEncoding = 4; lastKnownFileType = sourcecode.c.h; path = buf.h; sourceTree = "<group>"; };
		05A664470FCF1B1B00C8DC40 /* channel.c */ = {isa = PBXFileReference; fileEncoding = 4; lastKnownFileType = sourcecode.c.c; path = channel.c; sourceTree = "<group>"; };
		05A664480FCF1B1B00C8DC40 /* channel.h */ = {isa = PBXFileReference; fileEncoding = 4; lastKnownFileType = sourcecode.c.h; path = channel.h; sourceTree = "<group>"; };
		05A664490FCF1B1B00C8DC40 /* commands.c */ = {isa = PBXFileReference; fileEncoding = 4; lastKnownFileType = sourcecode.c.c; path = commands.c; sourceTree = "<group>"; };
		05A6644A0FCF1B1B00C8DC40 /* commands.h */ = {isa = PBXFileReference; fileEncoding = 4; lastKnownFileType = sourcecode.c.h; path = commands.h; sourceTree = "<group>"; };
		05A6644B0FCF1B1B00C8DC40 /* coreaudio.c */ = {isa = PBXFileReference; fileEncoding = 4; lastKnownFileType = sourcecode.c.c; path = coreaudio.c; sourceTree = "<group>"; };
		05A6644C0FCF1B1B00C8DC40 /* coreaudio.h */ = {isa = PBXFileReference; fileEncoding = 4; lastKnownFileType = sourcecode.c.h; path = coreaudio.h; sourceTree = "<group>"; };
		05A6644D0FCF1B1B00C8DC40 /* despotify-simple.h */ = {isa = PBXFileReference; fileEncoding = 4; lastKnownFileType = sourcecode.c.h; path = "despotify-simple.h"; sourceTree = "<group>"; };
		05A6644E0FCF1B1B00C8DC40 /* despotify.c */ = {isa = PBXFileReference; fileEncoding = 4; lastKnownFileType = sourcecode.c.c; path = despotify.c; sourceTree = "<group>"; };
		05A6644F0FCF1B1B00C8DC40 /* despotify.h */ = {isa = PBXFileReference; fileEncoding = 4; lastKnownFileType = sourcecode.c.h; path = despotify.h; sourceTree = "<group>"; };
		05A664510FCF1B1B00C8DC40 /* dns.c */ = {isa = PBXFileReference; fileEncoding = 4; lastKnownFileType = sourcecode.c.c; path = dns.c; sourceTree = "<group>"; };
		05A664520FCF1B1B00C8DC40 /* dns.h */ = {isa = PBXFileReference; fileEncoding = 4; lastKnownFileType = sourcecode.c.h; path = dns.h; sourceTree = "<group>"; };
		05A664530FCF1B1B00C8DC40 /* ezxml.c */ = {isa = PBXFileReference; fileEncoding = 4; lastKnownFileType = sourcecode.c.c; path = ezxml.c; sourceTree = "<group>"; };
		05A664540FCF1B1B00C8DC40 /* ezxml.h */ = {isa = PBXFileReference; fileEncoding = 4; lastKnownFileType = sourcecode.c.h; path = ezxml.h; sourceTree = "<group>"; };
		05A6645D0FCF1B1B00C8DC40 /* gstreamer.c */ = {isa = PBXFileReference; fileEncoding = 4; lastKnownFileType = sourcecode.c.c; path = gstreamer.c; sourceTree = "<group>"; };
		05A6645E0FCF1B1B00C8DC40 /* gstreamer.h */ = {isa = PBXFileReference; fileEncoding = 4; lastKnownFileType = sourcecode.c.h; path = gstreamer.h; sourceTree = "<group>"; };
		05A6645F0FCF1B1B00C8DC40 /* handlers.c */ = {isa = PBXFileReference; fileEncoding = 4; lastKnownFileType = sourcecode.c.c; path = handlers.c; sourceTree = "<group>"; };
		05A664600FCF1B1B00C8DC40 /* handlers.h */ = {isa = PBXFileReference; fileEncoding = 4; lastKnownFileType = sourcecode.c.h; path = handlers.h; sourceTree = "<group>"; };
		05A664610FCF1B1B00C8DC40 /* hmac.c */ = {isa = PBXFileReference; fileEncoding = 4; lastKnownFileType = sourcecode.c.c; path = hmac.c; sourceTree = "<group>"; };
		05A664620FCF1B1B00C8DC40 /* hmac.h */ = {isa = PBXFileReference; fileEncoding = 4; lastKnownFileType = sourcecode.c.h; path = hmac.h; sourceTree = "<group>"; };
		05A664630FCF1B1B00C8DC40 /* keyexchange.c */ = {isa = PBXFileReference; fileEncoding = 4; lastKnownFileType = sourcecode.c.c; path = keyexchange.c; sourceTree = "<group>"; };
		05A664640FCF1B1B00C8DC40 /* keyexchange.h */ = {isa = PBXFileReference; fileEncoding = 4; lastKnownFileType = sourcecode.c.h; path = keyexchange.h; sourceTree = "<group>"; };
		05A664650FCF1B1B00C8DC40 /* libao.c */ = {isa = PBXFileReference; fileEncoding = 4; lastKnownFileType = sourcecode.c.c; path = libao.c; sourceTree = "<group>"; };
		05A664660FCF1B1B00C8DC40 /* libao.h */ = {isa = PBXFileReference; fileEncoding = 4; lastKnownFileType = sourcecode.c.h; path = libao.h; sourceTree = "<group>"; };
		05A664680FCF1B1B00C8DC40 /* local.mk */ = {isa = PBXFileReference; fileEncoding = 4; lastKnownFileType = text; path = local.mk; sourceTree = "<group>"; };
		05A664690FCF1B1B00C8DC40 /* network.c */ = {isa = PBXFileReference; fileEncoding = 4; lastKnownFileType = sourcecode.c.c; path = network.c; sourceTree = "<group>"; };
		05A6646A0FCF1B1B00C8DC40 /* network.h */ = {isa = PBXFileReference; fileEncoding = 4; lastKnownFileType = sourcecode.c.h; path = network.h; sourceTree = "<group>"; };
		05A6646B0FCF1B1B00C8DC40 /* packet.c */ = {isa = PBXFileReference; fileEncoding = 4; lastKnownFileType = sourcecode.c.c; path = packet.c; sourceTree = "<group>"; };
		05A6646C0FCF1B1B00C8DC40 /* packet.h */ = {isa = PBXFileReference; fileEncoding = 4; lastKnownFileType = sourcecode.c.h; path = packet.h; sourceTree = "<group>"; };
		05A6646D0FCF1B1B00C8DC40 /* pulseaudio.c */ = {isa = PBXFileReference; fileEncoding = 4; lastKnownFileType = sourcecode.c.c; path = pulseaudio.c; sourceTree = "<group>"; };
		05A6646E0FCF1B1B00C8DC40 /* pulseaudio.h */ = {isa = PBXFileReference; fileEncoding = 4; lastKnownFileType = sourcecode.c.h; path = pulseaudio.h; sourceTree = "<group>"; };
		05A6646F0FCF1B1B00C8DC40 /* puzzle.c */ = {isa = PBXFileReference; fileEncoding = 4; lastKnownFileType = sourcecode.c.c; path = puzzle.c; sourceTree = "<group>"; };
		05A664700FCF1B1B00C8DC40 /* puzzle.h */ = {isa = PBXFileReference; fileEncoding = 4; lastKnownFileType = sourcecode.c.h; path = puzzle.h; sourceTree = "<group>"; };
		05A664710FCF1B1B00C8DC40 /* session.c */ = {isa = PBXFileReference; fileEncoding = 4; lastKnownFileType = sourcecode.c.c; path = session.c; sourceTree = "<group>"; };
		05A664720FCF1B1B00C8DC40 /* session.h */ = {isa = PBXFileReference; fileEncoding = 4; lastKnownFileType = sourcecode.c.h; path = session.h; sourceTree = "<group>"; };
		05A664730FCF1B1B00C8DC40 /* sha1.c */ = {isa = PBXFileReference; fileEncoding = 4; lastKnownFileType = sourcecode.c.c; path = sha1.c; sourceTree = "<group>"; };
		05A664740FCF1B1B00C8DC40 /* sha1.h */ = {isa = PBXFileReference; fileEncoding = 4; lastKnownFileType = sourcecode.c.h; path = sha1.h; sourceTree = "<group>"; };
		05A664750FCF1B1B00C8DC40 /* shn.c */ = {isa = PBXFileReference; fileEncoding = 4; lastKnownFileType = sourcecode.c.c; path = shn.c; sourceTree = "<group>"; };
		05A664760FCF1B1B00C8DC40 /* shn.h */ = {isa = PBXFileReference; fileEncoding = 4; lastKnownFileType = sourcecode.c.h; path = shn.h; sourceTree = "<group>"; };
		05A664770FCF1B1B00C8DC40 /* sndqueue.c */ = {isa = PBXFileReference; fileEncoding = 4; lastKnownFileType = sourcecode.c.c; path = sndqueue.c; sourceTree = "<group>"; };
		05A664780FCF1B1B00C8DC40 /* sndqueue.h */ = {isa = PBXFileReference; fileEncoding = 4; lastKnownFileType = sourcecode.c.h; path = sndqueue.h; sourceTree = "<group>"; };
		05A664790FCF1B1B00C8DC40 /* util.c */ = {isa = PBXFileReference; fileEncoding = 4; lastKnownFileType = sourcecode.c.c; path = util.c; sourceTree = "<group>"; };
		05A6647A0FCF1B1B00C8DC40 /* util.h */ = {isa = PBXFileReference; fileEncoding = 4; lastKnownFileType = sourcecode.c.h; path = util.h; sourceTree = "<group>"; };
		05A6647B0FCF1B1B00C8DC40 /* xml.c */ = {isa = PBXFileReference; fileEncoding = 4; lastKnownFileType = sourcecode.c.c; path = xml.c; sourceTree = "<group>"; };
		05A6647C0FCF1B1B00C8DC40 /* xml.h */ = {isa = PBXFileReference; fileEncoding = 4; lastKnownFileType = sourcecode.c.h; path = xml.h; sourceTree = "<group>"; };
		05A664FB0FCF215300C8DC40 /* AudioToolbox.framework */ = {isa = PBXFileReference; lastKnownFileType = wrapper.framework; name = AudioToolbox.framework; path = System/Library/Frameworks/AudioToolbox.framework; sourceTree = SDKROOT; };
		05A664FE0FCF217D00C8DC40 /* libz.1.dylib */ = {isa = PBXFileReference; lastKnownFileType = "compiled.mach-o.dylib"; name = libz.1.dylib; path = usr/lib/libz.1.dylib; sourceTree = SDKROOT; };
		05A665070FCF21D500C8DC40 /* libresolv.dylib */ = {isa = PBXFileReference; lastKnownFileType = "compiled.mach-o.dylib"; name = libresolv.dylib; path = usr/lib/libresolv.dylib; sourceTree = SDKROOT; };
		1D30AB110D05D00D00671497 /* Foundation.framework */ = {isa = PBXFileReference; lastKnownFileType = wrapper.framework; name = Foundation.framework; path = System/Library/Frameworks/Foundation.framework; sourceTree = SDKROOT; };
		1D6058910D05DD3D006BFB54 /* Spot.app */ = {isa = PBXFileReference; explicitFileType = wrapper.application; includeInIndex = 0; path = Spot.app; sourceTree = BUILT_PRODUCTS_DIR; };
		1DF5F4DF0D08C38300B7A737 /* UIKit.framework */ = {isa = PBXFileReference; lastKnownFileType = wrapper.framework; name = UIKit.framework; path = System/Library/Frameworks/UIKit.framework; sourceTree = SDKROOT; };
		210998B50FD5C0750028F90F /* PlayView2.xib */ = {isa = PBXFileReference; lastKnownFileType = file.xib; path = PlayView2.xib; sourceTree = "<group>"; };
		217F97EE0FD9123A00C0A6A4 /* noart.png */ = {isa = PBXFileReference; lastKnownFileType = image.png; path = noart.png; sourceTree = "<group>"; };
		217F97FA0FD913A700C0A6A4 /* loading.png */ = {isa = PBXFileReference; lastKnownFileType = image.png; path = loading.png; sourceTree = "<group>"; };
		21F654160FD12BC6000403F8 /* SpotArtistCell.h */ = {isa = PBXFileReference; fileEncoding = 4; lastKnownFileType = sourcecode.c.h; path = SpotArtistCell.h; sourceTree = "<group>"; };
		21F654170FD12BC6000403F8 /* SpotArtistCell.m */ = {isa = PBXFileReference; fileEncoding = 4; lastKnownFileType = sourcecode.c.objc; path = SpotArtistCell.m; sourceTree = "<group>"; };
		21F654180FD12BC6000403F8 /* SpotCell.h */ = {isa = PBXFileReference; fileEncoding = 4; lastKnownFileType = sourcecode.c.h; path = SpotCell.h; sourceTree = "<group>"; };
		21F654190FD12BC6000403F8 /* SpotCell.m */ = {isa = PBXFileReference; fileEncoding = 4; lastKnownFileType = sourcecode.c.objc; path = SpotCell.m; sourceTree = "<group>"; };
		21F6541A0FD12BC6000403F8 /* SpotImageCell.h */ = {isa = PBXFileReference; fileEncoding = 4; lastKnownFileType = sourcecode.c.h; path = SpotImageCell.h; sourceTree = "<group>"; };
		21F6541B0FD12BC6000403F8 /* SpotImageCell.m */ = {isa = PBXFileReference; fileEncoding = 4; lastKnownFileType = sourcecode.c.objc; path = SpotImageCell.m; sourceTree = "<group>"; };
		21F6541C0FD12BC6000403F8 /* SpotNavigationController.h */ = {isa = PBXFileReference; fileEncoding = 4; lastKnownFileType = sourcecode.c.h; path = SpotNavigationController.h; sourceTree = "<group>"; };
		21F6541D0FD12BC6000403F8 /* SpotNavigationController.m */ = {isa = PBXFileReference; fileEncoding = 4; lastKnownFileType = sourcecode.c.objc; path = SpotNavigationController.m; sourceTree = "<group>"; };
		21F6541E0FD12BC6000403F8 /* SpotTouchableLabel.h */ = {isa = PBXFileReference; fileEncoding = 4; lastKnownFileType = sourcecode.c.h; path = SpotTouchableLabel.h; sourceTree = "<group>"; };
		21F6541F0FD12BC6000403F8 /* SpotTouchableLabel.m */ = {isa = PBXFileReference; fileEncoding = 4; lastKnownFileType = sourcecode.c.objc; path = SpotTouchableLabel.m; sourceTree = "<group>"; };
		21F6543D0FD136FB000403F8 /* SpotCache.h */ = {isa = PBXFileReference; fileEncoding = 4; lastKnownFileType = sourcecode.c.h; path = SpotCache.h; sourceTree = "<group>"; };
		21F6543E0FD136FB000403F8 /* SpotCache.m */ = {isa = PBXFileReference; fileEncoding = 4; lastKnownFileType = sourcecode.c.objc; path = SpotCache.m; sourceTree = "<group>"; };
		21F654A70FD13FAE000403F8 /* SpotImage.h */ = {isa = PBXFileReference; fileEncoding = 4; lastKnownFileType = sourcecode.c.h; path = SpotImage.h; sourceTree = "<group>"; };
		21F654A80FD13FAE000403F8 /* SpotImage.m */ = {isa = PBXFileReference; fileEncoding = 4; lastKnownFileType = sourcecode.c.objc; path = SpotImage.m; sourceTree = "<group>"; };
		21F65AC70FD1A327000403F8 /* Default.png */ = {isa = PBXFileReference; lastKnownFileType = image.png; path = Default.png; sourceTree = "<group>"; };
		21F65B320FD1B059000403F8 /* libcrypto.a */ = {isa = PBXFileReference; lastKnownFileType = archive.ar; name = libcrypto.a; path = Vendor/libcrypto.a; sourceTree = "<group>"; };
		21F65B550FD1B564000403F8 /* PlayTitleView.h */ = {isa = PBXFileReference; fileEncoding = 4; lastKnownFileType = sourcecode.c.h; path = PlayTitleView.h; sourceTree = "<group>"; };
		21F65B560FD1B564000403F8 /* PlayTitleView.m */ = {isa = PBXFileReference; fileEncoding = 4; lastKnownFileType = sourcecode.c.objc; path = PlayTitleView.m; sourceTree = "<group>"; };
		21F65C9C0FD1CAB8000403F8 /* arrow-left.png */ = {isa = PBXFileReference; lastKnownFileType = image.png; path = "arrow-left.png"; sourceTree = "<group>"; };
		288765FC0DF74451002DB57D /* CoreGraphics.framework */ = {isa = PBXFileReference; lastKnownFileType = wrapper.framework; name = CoreGraphics.framework; path = System/Library/Frameworks/CoreGraphics.framework; sourceTree = SDKROOT; };
/* End PBXFileReference section */

/* Begin PBXFrameworksBuildPhase section */
		1D60588F0D05DD3D006BFB54 /* Frameworks */ = {
			isa = PBXFrameworksBuildPhase;
			buildActionMask = 2147483647;
			files = (
				1D60589F0D05DD5A006BFB54 /* Foundation.framework in Frameworks */,
				1DF5F4E00D08C38300B7A737 /* UIKit.framework in Frameworks */,
				288765FD0DF74451002DB57D /* CoreGraphics.framework in Frameworks */,
				05447F4D0FCF119A004CC539 /* libvorbisfile.a in Frameworks */,
				05447F4E0FCF119A004CC539 /* libvorbis.a in Frameworks */,
				05447F510FCF119A004CC539 /* libogg.a in Frameworks */,
				05A664FC0FCF215300C8DC40 /* AudioToolbox.framework in Frameworks */,
				05A664FF0FCF217D00C8DC40 /* libz.1.dylib in Frameworks */,
				05A665080FCF21D500C8DC40 /* libresolv.dylib in Frameworks */,
				21F65B330FD1B059000403F8 /* libcrypto.a in Frameworks */,
			);
			runOnlyForDeploymentPostprocessing = 0;
		};
/* End PBXFrameworksBuildPhase section */

/* Begin PBXGroup section */
		05447EC20FCF1167004CC539 /* Other Sources */ = {
			isa = PBXGroup;
			children = (
				05447EC30FCF1167004CC539 /* main.m */,
				05447EC40FCF1167004CC539 /* Spot_Prefix.pch */,
			);
			path = "Other Sources";
			sourceTree = "<group>";
		};
		05447EC50FCF1167004CC539 /* Classes */ = {
			isa = PBXGroup;
			children = (
				21F654140FD12BC6000403F8 /* Controllers */,
				05447EC60FCF1167004CC539 /* Browse */,
				05447ED20FCF1167004CC539 /* CoSpotify */,
				05447EE90FCF1167004CC539 /* Login */,
				05447EF00FCF1167004CC539 /* Play */,
				05447EF60FCF1167004CC539 /* Playlists */,
				05447EFA0FCF1167004CC539 /* Profile */,
				05447EFE0FCF1167004CC539 /* Search */,
				05447F020FCF1167004CC539 /* SpotAppDelegate.h */,
				05447F030FCF1167004CC539 /* SpotAppDelegate.m */,
				05447F060FCF1167004CC539 /* SpotPlaylistTableViewDataSource.h */,
				05447F070FCF1167004CC539 /* SpotPlaylistTableViewDataSource.m */,
			);
			path = Classes;
			sourceTree = "<group>";
		};
		05447EC60FCF1167004CC539 /* Browse */ = {
			isa = PBXGroup;
			children = (
				21F654270FD12C06000403F8 /* Detail */,
				05447EC70FCF1167004CC539 /* AlbumBrowseView.xib */,
				05447EC80FCF1167004CC539 /* AlbumBrowseViewController.h */,
				05447EC90FCF1167004CC539 /* AlbumBrowseViewController.m */,
				05447ECA0FCF1167004CC539 /* ArtistBrowseView.xib */,
				05447ECB0FCF1167004CC539 /* ArtistBrowseViewController.h */,
				05447ECC0FCF1167004CC539 /* ArtistBrowseViewController.m */,
				05447ED00FCF1167004CC539 /* SpotImageView.h */,
				05447ED10FCF1167004CC539 /* SpotImageView.m */,
			);
			path = Browse;
			sourceTree = "<group>";
		};
		05447ED20FCF1167004CC539 /* CoSpotify */ = {
			isa = PBXGroup;
			children = (
				05447ED30FCF1167004CC539 /* CoSpotify.h */,
				05447ED40FCF1167004CC539 /* CoSpotify.m */,
				21F654A70FD13FAE000403F8 /* SpotImage.h */,
				21F654A80FD13FAE000403F8 /* SpotImage.m */,
				05447ED50FCF1167004CC539 /* SpotAlbum.h */,
				05447ED60FCF1167004CC539 /* SpotAlbum.m */,
				05447ED70FCF1167004CC539 /* SpotArtist.h */,
				05447ED80FCF1167004CC539 /* SpotArtist.m */,
				05447EDB0FCF1167004CC539 /* SpotItem.h */,
				05447EDC0FCF1167004CC539 /* SpotItem.m */,
				05447EDD0FCF1167004CC539 /* SpotPlayer.h */,
				05447EDE0FCF1167004CC539 /* SpotPlayer.m */,
				05447EDF0FCF1167004CC539 /* SpotPlaylist.h */,
				05447EE00FCF1167004CC539 /* SpotPlaylist.m */,
				05447EE10FCF1167004CC539 /* SpotSearch.h */,
				05447EE20FCF1167004CC539 /* SpotSearch.m */,
				05447EE30FCF1167004CC539 /* SpotSession.h */,
				05447EE40FCF1167004CC539 /* SpotSession.m */,
				05447EE50FCF1167004CC539 /* SpotTrack.h */,
				05447EE60FCF1167004CC539 /* SpotTrack.m */,
				05447EE70FCF1167004CC539 /* SpotURI.h */,
				05447EE80FCF1167004CC539 /* SpotURI.m */,
				21F6543D0FD136FB000403F8 /* SpotCache.h */,
				21F6543E0FD136FB000403F8 /* SpotCache.m */,
			);
			path = CoSpotify;
			sourceTree = "<group>";
		};
		05447EE90FCF1167004CC539 /* Login */ = {
			isa = PBXGroup;
			children = (
				05447EEA0FCF1167004CC539 /* LoggingIn.xib */,
				05447EEB0FCF1167004CC539 /* LoggingInController.h */,
				05447EEC0FCF1167004CC539 /* LoggingInController.m */,
				05447EED0FCF1167004CC539 /* LoginView.xib */,
				05447EEE0FCF1167004CC539 /* LoginViewController.h */,
				05447EEF0FCF1167004CC539 /* LoginViewController.m */,
			);
			path = Login;
			sourceTree = "<group>";
		};
		05447EF00FCF1167004CC539 /* Play */ = {
			isa = PBXGroup;
			children = (
				05447EF30FCF1167004CC539 /* PlayView.xib */,
				210998B50FD5C0750028F90F /* PlayView2.xib */,
				05447EF40FCF1167004CC539 /* PlayViewController.h */,
				05447EF50FCF1167004CC539 /* PlayViewController.m */,
				21F65B550FD1B564000403F8 /* PlayTitleView.h */,
				21F65B560FD1B564000403F8 /* PlayTitleView.m */,
			);
			path = Play;
			sourceTree = "<group>";
		};
		05447EF60FCF1167004CC539 /* Playlists */ = {
			isa = PBXGroup;
			children = (
				05447EF70FCF1167004CC539 /* PlaylistsView.xib */,
				05447EF80FCF1167004CC539 /* PlaylistsViewController.h */,
				05447EF90FCF1167004CC539 /* PlaylistsViewController.m */,
			);
			path = Playlists;
			sourceTree = "<group>";
		};
		05447EFA0FCF1167004CC539 /* Profile */ = {
			isa = PBXGroup;
			children = (
				05447EFB0FCF1167004CC539 /* Profile.xib */,
				05447EFC0FCF1167004CC539 /* ProfileViewController.h */,
				05447EFD0FCF1167004CC539 /* ProfileViewController.m */,
			);
			path = Profile;
			sourceTree = "<group>";
		};
		05447EFE0FCF1167004CC539 /* Search */ = {
			isa = PBXGroup;
			children = (
				05447EFF0FCF1167004CC539 /* SearchView.xib */,
				05447F000FCF1167004CC539 /* SearchViewController.h */,
				05447F010FCF1167004CC539 /* SearchViewController.m */,
			);
			path = Search;
			sourceTree = "<group>";
		};
		05447F2B0FCF1173004CC539 /* Resources */ = {
			isa = PBXGroup;
			children = (
				0591785A100B53FF001402D1 /* profilebg.png */,
				05447F2C0FCF1173004CC539 /* buttons */,
				05447F310FCF1173004CC539 /* dist.plist */,
				217F97EE0FD9123A00C0A6A4 /* noart.png */,
				217F97FA0FD913A700C0A6A4 /* loading.png */,
				05447F320FCF1173004CC539 /* icon.png */,
				05447F330FCF1173004CC539 /* MainWindow.xib */,
				05447F340FCF1173004CC539 /* playergloss.png */,
				05447F350FCF1173004CC539 /* Spot-Info.plist */,
				05447F360FCF1173004CC539 /* toolbar */,
				21F65AC70FD1A327000403F8 /* Default.png */,
				21F65C9C0FD1CAB8000403F8 /* arrow-left.png */,
			);
			path = Resources;
			sourceTree = "<group>";
		};
		05447F2C0FCF1173004CC539 /* buttons */ = {
			isa = PBXGroup;
			children = (
				05447F2D0FCF1173004CC539 /* next.png */,
				05447F2E0FCF1173004CC539 /* pause.png */,
				05447F2F0FCF1173004CC539 /* play.png */,
				05447F300FCF1173004CC539 /* prev.png */,
			);
			path = buttons;
			sourceTree = "<group>";
		};
		05447F360FCF1173004CC539 /* toolbar */ = {
			isa = PBXGroup;
			children = (
				05447F370FCF1173004CC539 /* playlists.png */,
				05447F380FCF1173004CC539 /* profile.png */,
			);
			path = toolbar;
			sourceTree = "<group>";
		};
		05A664350FCF1B1B00C8DC40 /* despotify */ = {
			isa = PBXGroup;
			children = (
				05A6643D0FCF1B1B00C8DC40 /* aes.c */,
				05A6643E0FCF1B1B00C8DC40 /* aes.h */,
				05A6643F0FCF1B1B00C8DC40 /* audio.c */,
				05A664400FCF1B1B00C8DC40 /* audio.h */,
				05A664410FCF1B1B00C8DC40 /* audioqueue.c */,
				05A664420FCF1B1B00C8DC40 /* audioqueue.h */,
				05A664430FCF1B1B00C8DC40 /* auth.c */,
				05A664440FCF1B1B00C8DC40 /* auth.h */,
				05A664450FCF1B1B00C8DC40 /* buf.c */,
				05A664460FCF1B1B00C8DC40 /* buf.h */,
				05A664470FCF1B1B00C8DC40 /* channel.c */,
				05A664480FCF1B1B00C8DC40 /* channel.h */,
				05A664490FCF1B1B00C8DC40 /* commands.c */,
				05A6644A0FCF1B1B00C8DC40 /* commands.h */,
				05A6644B0FCF1B1B00C8DC40 /* coreaudio.c */,
				05A6644C0FCF1B1B00C8DC40 /* coreaudio.h */,
				05A6644D0FCF1B1B00C8DC40 /* despotify-simple.h */,
				05A6644E0FCF1B1B00C8DC40 /* despotify.c */,
				05A6644F0FCF1B1B00C8DC40 /* despotify.h */,
				05A664510FCF1B1B00C8DC40 /* dns.c */,
				05A664520FCF1B1B00C8DC40 /* dns.h */,
				05A664530FCF1B1B00C8DC40 /* ezxml.c */,
				05A664540FCF1B1B00C8DC40 /* ezxml.h */,
				05A6645D0FCF1B1B00C8DC40 /* gstreamer.c */,
				05A6645E0FCF1B1B00C8DC40 /* gstreamer.h */,
				05A6645F0FCF1B1B00C8DC40 /* handlers.c */,
				05A664600FCF1B1B00C8DC40 /* handlers.h */,
				05A664610FCF1B1B00C8DC40 /* hmac.c */,
				05A664620FCF1B1B00C8DC40 /* hmac.h */,
				05A664630FCF1B1B00C8DC40 /* keyexchange.c */,
				05A664640FCF1B1B00C8DC40 /* keyexchange.h */,
				05A664650FCF1B1B00C8DC40 /* libao.c */,
				05A664660FCF1B1B00C8DC40 /* libao.h */,
				05A664680FCF1B1B00C8DC40 /* local.mk */,
				05A664690FCF1B1B00C8DC40 /* network.c */,
				05A6646A0FCF1B1B00C8DC40 /* network.h */,
				05A6646B0FCF1B1B00C8DC40 /* packet.c */,
				05A6646C0FCF1B1B00C8DC40 /* packet.h */,
				05A6646D0FCF1B1B00C8DC40 /* pulseaudio.c */,
				05A6646E0FCF1B1B00C8DC40 /* pulseaudio.h */,
				05A6646F0FCF1B1B00C8DC40 /* puzzle.c */,
				05A664700FCF1B1B00C8DC40 /* puzzle.h */,
				05A664710FCF1B1B00C8DC40 /* session.c */,
				05A664720FCF1B1B00C8DC40 /* session.h */,
				05A664730FCF1B1B00C8DC40 /* sha1.c */,
				05A664740FCF1B1B00C8DC40 /* sha1.h */,
				05A664750FCF1B1B00C8DC40 /* shn.c */,
				05A664760FCF1B1B00C8DC40 /* shn.h */,
				05A664770FCF1B1B00C8DC40 /* sndqueue.c */,
				05A664780FCF1B1B00C8DC40 /* sndqueue.h */,
				05A664790FCF1B1B00C8DC40 /* util.c */,
				05A6647A0FCF1B1B00C8DC40 /* util.h */,
				05A6647B0FCF1B1B00C8DC40 /* xml.c */,
				05A6647C0FCF1B1B00C8DC40 /* xml.h */,
			);
			name = despotify;
			path = Vendor/despotify/src/lib;
			sourceTree = "<group>";
		};
		19C28FACFE9D520D11CA2CBB /* Products */ = {
			isa = PBXGroup;
			children = (
				1D6058910D05DD3D006BFB54 /* Spot.app */,
			);
			name = Products;
			sourceTree = "<group>";
		};
		21F654140FD12BC6000403F8 /* Controllers */ = {
			isa = PBXGroup;
			children = (
				21F654150FD12BC6000403F8 /* Cells */,
				21F6541C0FD12BC6000403F8 /* SpotNavigationController.h */,
				21F6541D0FD12BC6000403F8 /* SpotNavigationController.m */,
				21F6541E0FD12BC6000403F8 /* SpotTouchableLabel.h */,
				21F6541F0FD12BC6000403F8 /* SpotTouchableLabel.m */,
				05447EF10FCF1167004CC539 /* FlipView.h */,
				05447EF20FCF1167004CC539 /* FlipView.m */,
			);
			path = Controllers;
			sourceTree = "<group>";
		};
		21F654150FD12BC6000403F8 /* Cells */ = {
			isa = PBXGroup;
			children = (
				21F654160FD12BC6000403F8 /* SpotArtistCell.h */,
				21F654170FD12BC6000403F8 /* SpotArtistCell.m */,
				21F654180FD12BC6000403F8 /* SpotCell.h */,
				21F654190FD12BC6000403F8 /* SpotCell.m */,
				21F6541A0FD12BC6000403F8 /* SpotImageCell.h */,
				21F6541B0FD12BC6000403F8 /* SpotImageCell.m */,
			);
			path = Cells;
			sourceTree = "<group>";
		};
		21F654270FD12C06000403F8 /* Detail */ = {
			isa = PBXGroup;
			children = (
				05447ECD0FCF1167004CC539 /* ArtistDetailView.xib */,
				05447ECE0FCF1167004CC539 /* ArtistDetailViewController.h */,
				05447ECF0FCF1167004CC539 /* ArtistDetailViewController.m */,
			);
			name = Detail;
			sourceTree = "<group>";
		};
		29B97314FDCFA39411CA2CEA /* CustomTemplate */ = {
			isa = PBXGroup;
			children = (
				05447EC50FCF1167004CC539 /* Classes */,
				05447EC20FCF1167004CC539 /* Other Sources */,
				05447F2B0FCF1173004CC539 /* Resources */,
				29B97323FDCFA39411CA2CEA /* Frameworks */,
				19C28FACFE9D520D11CA2CBB /* Products */,
			);
			name = CustomTemplate;
			sourceTree = "<group>";
		};
		29B97323FDCFA39411CA2CEA /* Frameworks */ = {
			isa = PBXGroup;
			children = (
				05A664FB0FCF215300C8DC40 /* AudioToolbox.framework */,
				1DF5F4DF0D08C38300B7A737 /* UIKit.framework */,
				1D30AB110D05D00D00671497 /* Foundation.framework */,
				288765FC0DF74451002DB57D /* CoreGraphics.framework */,
				05447F480FCF119A004CC539 /* libvorbisfile.a */,
				05447F490FCF119A004CC539 /* libvorbis.a */,
				05447F4C0FCF119A004CC539 /* libogg.a */,
				05A664FE0FCF217D00C8DC40 /* libz.1.dylib */,
				21F65B320FD1B059000403F8 /* libcrypto.a */,
				05A665070FCF21D500C8DC40 /* libresolv.dylib */,
				05A664350FCF1B1B00C8DC40 /* despotify */,
			);
			name = Frameworks;
			sourceTree = "<group>";
		};
/* End PBXGroup section */

/* Begin PBXNativeTarget section */
		1D6058900D05DD3D006BFB54 /* Spot */ = {
			isa = PBXNativeTarget;
			buildConfigurationList = 1D6058960D05DD3E006BFB54 /* Build configuration list for PBXNativeTarget "Spot" */;
			buildPhases = (
				1D60588D0D05DD3D006BFB54 /* Resources */,
				1D60588E0D05DD3D006BFB54 /* Sources */,
				1D60588F0D05DD3D006BFB54 /* Frameworks */,
				05917809100A99C8001402D1 /* Cydia Codesign */,
			);
			buildRules = (
			);
			dependencies = (
			);
			name = Spot;
			productName = Spot;
			productReference = 1D6058910D05DD3D006BFB54 /* Spot.app */;
			productType = "com.apple.product-type.application";
		};
/* End PBXNativeTarget section */

/* Begin PBXProject section */
		29B97313FDCFA39411CA2CEA /* Project object */ = {
			isa = PBXProject;
			buildConfigurationList = C01FCF4E08A954540054247B /* Build configuration list for PBXProject "Spot" */;
			compatibilityVersion = "Xcode 3.1";
			hasScannedForEncodings = 1;
			mainGroup = 29B97314FDCFA39411CA2CEA /* CustomTemplate */;
			projectDirPath = "";
			projectRoot = "";
			targets = (
				1D6058900D05DD3D006BFB54 /* Spot */,
			);
		};
/* End PBXProject section */

/* Begin PBXResourcesBuildPhase section */
		1D60588D0D05DD3D006BFB54 /* Resources */ = {
			isa = PBXResourcesBuildPhase;
			buildActionMask = 2147483647;
			files = (
				05447F090FCF1167004CC539 /* AlbumBrowseView.xib in Resources */,
				05447F0B0FCF1167004CC539 /* ArtistBrowseView.xib in Resources */,
				05447F0D0FCF1167004CC539 /* ArtistDetailView.xib in Resources */,
				05447F1B0FCF1167004CC539 /* LoggingIn.xib in Resources */,
				05447F1D0FCF1167004CC539 /* LoginView.xib in Resources */,
				05447F200FCF1167004CC539 /* PlayView.xib in Resources */,
				05447F220FCF1167004CC539 /* PlaylistsView.xib in Resources */,
				05447F240FCF1167004CC539 /* Profile.xib in Resources */,
				05447F260FCF1167004CC539 /* SearchView.xib in Resources */,
				05447F390FCF1173004CC539 /* next.png in Resources */,
				05447F3A0FCF1173004CC539 /* pause.png in Resources */,
				05447F3B0FCF1173004CC539 /* play.png in Resources */,
				05447F3C0FCF1173004CC539 /* prev.png in Resources */,
				05447F3D0FCF1173004CC539 /* dist.plist in Resources */,
				05447F3E0FCF1173004CC539 /* icon.png in Resources */,
				05447F3F0FCF1173004CC539 /* MainWindow.xib in Resources */,
				05447F400FCF1173004CC539 /* playergloss.png in Resources */,
				05447F420FCF1173004CC539 /* playlists.png in Resources */,
				05447F430FCF1173004CC539 /* profile.png in Resources */,
				05A6649A0FCF1B1B00C8DC40 /* local.mk in Resources */,
				21F65AC80FD1A327000403F8 /* Default.png in Resources */,
				21F65C9D0FD1CAB8000403F8 /* arrow-left.png in Resources */,
				210998B60FD5C0750028F90F /* PlayView2.xib in Resources */,
				217F97EF0FD9123A00C0A6A4 /* noart.png in Resources */,
				217F97FB0FD913A700C0A6A4 /* loading.png in Resources */,
				0591785B100B53FF001402D1 /* profilebg.png in Resources */,
			);
			runOnlyForDeploymentPostprocessing = 0;
		};
/* End PBXResourcesBuildPhase section */

/* Begin PBXShellScriptBuildPhase section */
		05917809100A99C8001402D1 /* Cydia Codesign */ = {
			isa = PBXShellScriptBuildPhase;
			buildActionMask = 2147483647;
			files = (
			);
			inputPaths = (
			);
			name = "Cydia Codesign";
			outputPaths = (
			);
			runOnlyForDeploymentPostprocessing = 0;
			shellPath = /usr/bin/ruby;
			shellScript = "if ENV[\"BUILD_STYLE\"] == \"Cydia\" then\n  `#{ENV[\"PROJECT_DIR\"]}/Vendor/ldid-osx -a armv6 -S #{ENV[\"BUILT_PRODUCTS_DIR\"]}/#{ENV[\"EXECUTABLE_PATH\"]}`\nelse\n  puts \"Skipping; not a Cydia build\"\nend";
			showEnvVarsInLog = 0;
		};
/* End PBXShellScriptBuildPhase section */

/* Begin PBXSourcesBuildPhase section */
		1D60588E0D05DD3D006BFB54 /* Sources */ = {
			isa = PBXSourcesBuildPhase;
			buildActionMask = 2147483647;
			files = (
				05447F080FCF1167004CC539 /* main.m in Sources */,
				05447F0A0FCF1167004CC539 /* AlbumBrowseViewController.m in Sources */,
				05447F0C0FCF1167004CC539 /* ArtistBrowseViewController.m in Sources */,
				05447F0E0FCF1167004CC539 /* ArtistDetailViewController.m in Sources */,
				05447F0F0FCF1167004CC539 /* SpotImageView.m in Sources */,
				05447F100FCF1167004CC539 /* CoSpotify.m in Sources */,
				05447F110FCF1167004CC539 /* SpotAlbum.m in Sources */,
				05447F120FCF1167004CC539 /* SpotArtist.m in Sources */,
				05447F140FCF1167004CC539 /* SpotItem.m in Sources */,
				05447F150FCF1167004CC539 /* SpotPlayer.m in Sources */,
				05447F160FCF1167004CC539 /* SpotPlaylist.m in Sources */,
				05447F170FCF1167004CC539 /* SpotSearch.m in Sources */,
				05447F180FCF1167004CC539 /* SpotSession.m in Sources */,
				05447F190FCF1167004CC539 /* SpotTrack.m in Sources */,
				05447F1A0FCF1167004CC539 /* SpotURI.m in Sources */,
				05447F1C0FCF1167004CC539 /* LoggingInController.m in Sources */,
				05447F1E0FCF1167004CC539 /* LoginViewController.m in Sources */,
				05447F1F0FCF1167004CC539 /* FlipView.m in Sources */,
				05447F210FCF1167004CC539 /* PlayViewController.m in Sources */,
				05447F230FCF1167004CC539 /* PlaylistsViewController.m in Sources */,
				05447F250FCF1167004CC539 /* ProfileViewController.m in Sources */,
				05447F270FCF1167004CC539 /* SearchViewController.m in Sources */,
				05447F280FCF1167004CC539 /* SpotAppDelegate.m in Sources */,
				05447F2A0FCF1167004CC539 /* SpotPlaylistTableViewDataSource.m in Sources */,
				05A664830FCF1B1B00C8DC40 /* aes.c in Sources */,
				05A664840FCF1B1B00C8DC40 /* audio.c in Sources */,
				05A664860FCF1B1B00C8DC40 /* auth.c in Sources */,
				05A664870FCF1B1B00C8DC40 /* buf.c in Sources */,
				05A664880FCF1B1B00C8DC40 /* channel.c in Sources */,
				05A664890FCF1B1B00C8DC40 /* commands.c in Sources */,
				05A6648B0FCF1B1B00C8DC40 /* despotify.c in Sources */,
				05A6648D0FCF1B1B00C8DC40 /* dns.c in Sources */,
				05A6648E0FCF1B1B00C8DC40 /* ezxml.c in Sources */,
				05A664950FCF1B1B00C8DC40 /* handlers.c in Sources */,
				05A664960FCF1B1B00C8DC40 /* hmac.c in Sources */,
				05A664970FCF1B1B00C8DC40 /* keyexchange.c in Sources */,
				05A6649C0FCF1B1B00C8DC40 /* packet.c in Sources */,
				05A6649E0FCF1B1B00C8DC40 /* puzzle.c in Sources */,
				05A6649F0FCF1B1B00C8DC40 /* session.c in Sources */,
				05A664A00FCF1B1B00C8DC40 /* sha1.c in Sources */,
				05A664A10FCF1B1B00C8DC40 /* shn.c in Sources */,
				05A664A20FCF1B1B00C8DC40 /* sndqueue.c in Sources */,
				05A664A30FCF1B1B00C8DC40 /* util.c in Sources */,
				05A664A40FCF1B1B00C8DC40 /* xml.c in Sources */,
				21F654200FD12BC6000403F8 /* SpotArtistCell.m in Sources */,
				21F654210FD12BC6000403F8 /* SpotCell.m in Sources */,
				21F654220FD12BC6000403F8 /* SpotImageCell.m in Sources */,
				21F654230FD12BC6000403F8 /* SpotNavigationController.m in Sources */,
				21F654240FD12BC6000403F8 /* SpotTouchableLabel.m in Sources */,
				21F6543F0FD136FB000403F8 /* SpotCache.m in Sources */,
				21F654A90FD13FAE000403F8 /* SpotImage.m in Sources */,
				21F65A8A0FD1A168000403F8 /* audioqueue.c in Sources */,
				21F65B570FD1B564000403F8 /* PlayTitleView.m in Sources */,
				2141682A0FDC3F0500E71233 /* network.c in Sources */,
			);
			runOnlyForDeploymentPostprocessing = 0;
		};
/* End PBXSourcesBuildPhase section */

/* Begin XCBuildConfiguration section */
		05A665220FCF27C100C8DC40 /* Beta Testing */ = {
			isa = XCBuildConfiguration;
			buildSettings = {
				ARCHS = "$(ARCHS_STANDARD_32_BIT)";
				"CODE_SIGN_IDENTITY[sdk=iphoneos*]" = "iPhone Distribution: Joachim Bengtsson";
				GCC_C_LANGUAGE_STANDARD = c99;
				GCC_WARN_ABOUT_RETURN_TYPE = YES;
				GCC_WARN_UNUSED_VARIABLE = YES;
				ONLY_ACTIVE_ARCH = YES;
				PREBINDING = NO;
				"PROVISIONING_PROFILE[sdk=iphoneos*]" = "A137647E-8E07-4DD2-85A4-13222E5D94BA";
				SDKROOT = iphoneos2.2.1;
			};
			name = "Beta Testing";
		};
		05A665230FCF27C100C8DC40 /* Beta Testing */ = {
			isa = XCBuildConfiguration;
			buildSettings = {
				ALWAYS_SEARCH_USER_PATHS = NO;
				CODE_SIGN_ENTITLEMENTS = Resources/dist.plist;
				COPY_PHASE_STRIP = NO;
				FRAMEWORK_SEARCH_PATHS = "$(inherited)";
				GCC_DYNAMIC_NO_PIC = NO;
				GCC_OPTIMIZATION_LEVEL = 0;
				GCC_PRECOMPILE_PREFIX_HEADER = YES;
				GCC_PREFIX_HEADER = "Other Sources/Spot_Prefix.pch";
				HEADER_SEARCH_PATHS = (
					Vendor/despotify/src/lib,
					Vendor/libogg/include,
					Vendor/libvorbis/include,
					Vendor,
				);
				INFOPLIST_FILE = "Resources/Spot-Info.plist";
				LIBRARY_SEARCH_PATHS = (
					"$(inherited)",
					"\"$(SRCROOT)/Vendor\"",
				);
				ONLY_ACTIVE_ARCH = YES;
				PRODUCT_NAME = Spot;
				SDKROOT = iphoneos3.0;
			};
			name = "Beta Testing";
		};
		05AD88B8100A955800AD64EE /* Cydia */ = {
			isa = XCBuildConfiguration;
			buildSettings = {
				ARCHS = "$(ARCHS_STANDARD_32_BIT)";
				"CODE_SIGN_IDENTITY[sdk=iphoneos*]" = "Don't Code Sign";
				GCC_C_LANGUAGE_STANDARD = c99;
				GCC_WARN_ABOUT_RETURN_TYPE = YES;
				GCC_WARN_UNUSED_VARIABLE = YES;
				PREBINDING = NO;
				SDKROOT = iphoneos2.2.1;
			};
			name = Cydia;
		};
		05AD88B9100A955800AD64EE /* Cydia */ = {
			isa = XCBuildConfiguration;
			buildSettings = {
				ALWAYS_SEARCH_USER_PATHS = NO;
				COPY_PHASE_STRIP = YES;
				DEBUG_INFORMATION_FORMAT = "dwarf-with-dsym";
				FRAMEWORK_SEARCH_PATHS = "$(inherited)";
				GCC_PRECOMPILE_PREFIX_HEADER = YES;
				GCC_PREFIX_HEADER = "Other Sources/Spot_Prefix.pch";
				HEADER_SEARCH_PATHS = (
					Vendor/despotify/src/lib,
					Vendor/libogg/include,
					Vendor/libvorbis/include,
					Vendor,
				);
				INFOPLIST_FILE = "Resources/Spot-Info.plist";
				LIBRARY_SEARCH_PATHS = (
					"$(inherited)",
					"\"$(SRCROOT)/Vendor\"",
				);
				ONLY_ACTIVE_ARCH = YES;
				PRODUCT_NAME = Spot;
				SDKROOT = iphoneos3.0;
			};
			name = Cydia;
		};
		1D6058940D05DD3E006BFB54 /* Debug */ = {
			isa = XCBuildConfiguration;
			buildSettings = {
				ALWAYS_SEARCH_USER_PATHS = NO;
				COPY_PHASE_STRIP = NO;
				FRAMEWORK_SEARCH_PATHS = "$(inherited)";
				GCC_DYNAMIC_NO_PIC = NO;
				GCC_OPTIMIZATION_LEVEL = 0;
				GCC_PRECOMPILE_PREFIX_HEADER = YES;
				GCC_PREFIX_HEADER = "Other Sources/Spot_Prefix.pch";
				HEADER_SEARCH_PATHS = (
					Vendor/despotify/src/lib,
					Vendor/libogg/include,
					Vendor/libvorbis/include,
					Vendor,
				);
				INFOPLIST_FILE = "Resources/Spot-Info.plist";
				LIBRARY_SEARCH_PATHS = (
					"$(inherited)",
					"\"$(SRCROOT)/Vendor\"",
				);
				ONLY_ACTIVE_ARCH = YES;
				PRODUCT_NAME = Spot;
				SDKROOT = iphoneos3.0;
			};
			name = Debug;
		};
		1D6058950D05DD3E006BFB54 /* Release */ = {
			isa = XCBuildConfiguration;
			buildSettings = {
				ALWAYS_SEARCH_USER_PATHS = NO;
				COPY_PHASE_STRIP = YES;
				FRAMEWORK_SEARCH_PATHS = "$(inherited)";
				GCC_PRECOMPILE_PREFIX_HEADER = YES;
				GCC_PREFIX_HEADER = "Other Sources/Spot_Prefix.pch";
				HEADER_SEARCH_PATHS = (
					Vendor/despotify/src/lib,
					Vendor/libogg/include,
					Vendor/libvorbis/include,
					Vendor,
				);
				INFOPLIST_FILE = "Resources/Spot-Info.plist";
				LIBRARY_SEARCH_PATHS = (
					"$(inherited)",
					"\"$(SRCROOT)/Vendor\"",
				);
				ONLY_ACTIVE_ARCH = YES;
				PRODUCT_NAME = Spot;
				SDKROOT = iphoneos3.0;
			};
			name = Release;
		};
		C01FCF4F08A954540054247B /* Debug */ = {
			isa = XCBuildConfiguration;
			buildSettings = {
				ARCHS = "$(ARCHS_STANDARD_32_BIT)";
				"CODE_SIGN_IDENTITY[sdk=iphoneos*]" = "iPhone Developer";
				COPY_PHASE_STRIP = NO;
				DEBUG_INFORMATION_FORMAT = "dwarf-with-dsym";
				GCC_C_LANGUAGE_STANDARD = c99;
				GCC_WARN_ABOUT_RETURN_TYPE = YES;
				GCC_WARN_UNUSED_VARIABLE = YES;
				ONLY_ACTIVE_ARCH = YES;
				PREBINDING = NO;
				SDKROOT = iphoneos2.2.1;
				STRIP_INSTALLED_PRODUCT = NO;
			};
			name = Debug;
		};
		C01FCF5008A954540054247B /* Release */ = {
			isa = XCBuildConfiguration;
			buildSettings = {
				ARCHS = "$(ARCHS_STANDARD_32_BIT)";
				"CODE_SIGN_IDENTITY[sdk=iphoneos*]" = "iPhone Developer";
				GCC_C_LANGUAGE_STANDARD = c99;
				GCC_WARN_ABOUT_RETURN_TYPE = YES;
				GCC_WARN_UNUSED_VARIABLE = YES;
				PREBINDING = NO;
				SDKROOT = iphoneos2.2.1;
			};
			name = Release;
		};
/* End XCBuildConfiguration section */

/* Begin XCConfigurationList section */
		1D6058960D05DD3E006BFB54 /* Build configuration list for PBXNativeTarget "Spot" */ = {
			isa = XCConfigurationList;
			buildConfigurations = (
				1D6058940D05DD3E006BFB54 /* Debug */,
				05A665230FCF27C100C8DC40 /* Beta Testing */,
				1D6058950D05DD3E006BFB54 /* Release */,
				05AD88B9100A955800AD64EE /* Cydia */,
			);
			defaultConfigurationIsVisible = 0;
			defaultConfigurationName = Release;
		};
		C01FCF4E08A954540054247B /* Build configuration list for PBXProject "Spot" */ = {
			isa = XCConfigurationList;
			buildConfigurations = (
				C01FCF4F08A954540054247B /* Debug */,
				05A665220FCF27C100C8DC40 /* Beta Testing */,
				C01FCF5008A954540054247B /* Release */,
				05AD88B8100A955800AD64EE /* Cydia */,
			);
			defaultConfigurationIsVisible = 0;
			defaultConfigurationName = Release;
		};
/* End XCConfigurationList section */
	};
	rootObject = 29B97313FDCFA39411CA2CEA /* Project object */;
}
